<?xml version="1.0" encoding="utf-8"?>
<Project ToolsVersion="4.0" xmlns="http://schemas.microsoft.com/developer/msbuild/2003">
  <ItemGroup>
    <Filter Include="Sort List">
      <UniqueIdentifier>{4FC737F1-C7A5-4376-A066-2A32D752A2FF}</UniqueIdentifier>
      <Extensions>cpp;c;cc;cxx;c++;cppm;ixx;def;odl;idl;hpj;bat;asm;asmx</Extensions>
    </Filter>
    <Filter Include="Header">
      <UniqueIdentifier>{353ab66e-2bc2-4b17-b227-ae4b4c553392}</UniqueIdentifier>
    </Filter>
  </ItemGroup>
  <ItemGroup>
    <ClCompile Include="Main.cpp">
      <Filter>Sort List</Filter>
    </ClCompile>
    <ClCompile Include="SquentialSort.cpp">
      <Filter>Sort List</Filter>
    </ClCompile>
    <ClCompile Include="BubbleSort.cpp">
      <Filter>Sort List</Filter>
    </ClCompile>
    <ClCompile Include="InsertionSort.cpp">
      <Filter>Sort List</Filter>
    </ClCompile>
    <ClCompile Include="MergeSort.cpp">
      <Filter>Sort List</Filter>
    </ClCompile>
    <ClCompile Include="QickSort.cpp">
      <Filter>Sort List</Filter>
    </ClCompile>
    <ClCompile Include="SelectionSort.cpp">
      <Filter>Sort List</Filter>
    </ClCompile>
    <ClCompile Include="PrintAndSwap.cpp">
      <Filter>Sort List</Filter>
    </ClCompile>
  </ItemGroup>
  <ItemGroup>
    <ClInclude Include="SortHeader.h">
      <Filter>Header</Filter>
    </ClInclude>
  </ItemGroup>
</Project>